{
  "name": "app",
  "lockfileVersion": 3,
  "requires": true,
  "packages": {
    "": {
      "dependencies": {
        "@fortawesome/angular-fontawesome": "^0.15.0",
        "g": "^2.0.1"
      }
    },
    "node_modules/@angular/core": {
      "version": "18.1.4",
      "resolved": "https://registry.npmjs.org/@angular/core/-/core-18.1.4.tgz",
      "integrity": "sha512-+N3oWYFubT3GdCkBfD/CmH4DGjr/fGFQZChWbph2ZuPpK7JYNgfyvXS4SjLtdL4WTjjBevBTgR70GyLH/5EbKA==",
      "peer": true,
      "dependencies": {
        "tslib": "^2.3.0"
      },
      "engines": {
        "node": "^18.19.1 || ^20.11.1 || >=22.0.0"
      },
      "peerDependencies": {
        "rxjs": "^6.5.3 || ^7.4.0",
        "zone.js": "~0.14.0"
      }
    },
    "node_modules/@fortawesome/angular-fontawesome": {
      "version": "0.15.0",
      "resolved": "https://registry.npmjs.org/@fortawesome/angular-fontawesome/-/angular-fontawesome-0.15.0.tgz",
      "integrity": "sha512-oxmJDYGNSym5ycFR0LX4ZOPAU+wWmMAznYpkm5DNAtWWkhMLcrZl15eZQmVIEE+qruQ7JiVrg3tpo8bEkFlDgw==",
      "dependencies": {
        "@fortawesome/fontawesome-svg-core": "^6.5.2",
        "tslib": "^2.6.2"
      },
      "peerDependencies": {
        "@angular/core": "^18.0.0"
      }
    },
    "node_modules/@fortawesome/fontawesome-common-types": {
      "version": "6.6.0",
      "resolved": "https://registry.npmjs.org/@fortawesome/fontawesome-common-types/-/fontawesome-common-types-6.6.0.tgz",
      "integrity": "sha512-xyX0X9mc0kyz9plIyryrRbl7ngsA9jz77mCZJsUkLl+ZKs0KWObgaEBoSgQiYWAsSmjz/yjl0F++Got0Mdp4Rw==",
      "engines": {
        "node": ">=6"
      }
    },
    "node_modules/@fortawesome/fontawesome-svg-core": {
      "version": "6.6.0",
      "resolved": "https://registry.npmjs.org/@fortawesome/fontawesome-svg-core/-/fontawesome-svg-core-6.6.0.tgz",
      "integrity": "sha512-KHwPkCk6oRT4HADE7smhfsKudt9N/9lm6EJ5BVg0tD1yPA5hht837fB87F8pn15D8JfTqQOjhKTktwmLMiD7Kg==",
      "dependencies": {
        "@fortawesome/fontawesome-common-types": "6.6.0"
      },
      "engines": {
        "node": ">=6"
      }
    },
    "node_modules/g": {
      "version": "2.0.1",
      "resolved": "https://registry.npmjs.org/g/-/g-2.0.1.tgz",
      "integrity": "sha512-Fi6Ng5fZ/ANLQ15H11hCe+09sgUoNvDEBevVgx3KoYOhsH5iLNPn54hx0jPZ+3oSWr+xajnp2Qau9VmPsc7hTA=="
    },
    "node_modules/rxjs": {
      "version": "7.8.1",
      "resolved": "https://registry.npmjs.org/rxjs/-/rxjs-7.8.1.tgz",
      "integrity": "sha512-AA3TVj+0A2iuIoQkWEK/tqFjBq2j+6PO6Y0zJcvzLAFhEFIO3HL0vls9hWLncZbAAbK0mar7oZ4V079I/qPMxg==",
      "peer": true,
      "dependencies": {
        "tslib": "^2.1.0"
      }
    },
    "node_modules/tslib": {
      "version": "2.6.3",
      "resolved": "https://registry.npmjs.org/tslib/-/tslib-2.6.3.tgz",
      "integrity": "sha512-xNvxJEOUiWPGhUuUdQgAJPKOOJfGnIyKySOc09XkKsgdUV/3E2zvwZYdejjmRgPCgcym1juLH3226yA7sEFJKQ=="
    },
    "node_modules/zone.js": {
      "version": "0.14.10",
      "resolved": "https://registry.npmjs.org/zone.js/-/zone.js-0.14.10.tgz",
      "integrity": "sha512-YGAhaO7J5ywOXW6InXNlLmfU194F8lVgu7bRntUF3TiG8Y3nBK0x1UJJuHUP/e8IyihkjCYqhCScpSwnlaSRkQ==",
      "peer": true
    }
  }
}
